// !$*UTF8*$!
{
	archiveVersion = 1;
	classes = {
	};
	objectVersion = 46;
	objects = {

/* Begin PBXBuildFile section */
		B63612221B1CC38500289665 /* main.m in Sources */ = {isa = PBXBuildFile; fileRef = B63612211B1CC38500289665 /* main.m */; };
		B63612251B1CC38500289665 /* AppDelegate.m in Sources */ = {isa = PBXBuildFile; fileRef = B63612241B1CC38500289665 /* AppDelegate.m */; };
		B63612281B1CC38500289665 /* SpiroAnalyzeViewController.m in Sources */ = {isa = PBXBuildFile; fileRef = B63612271B1CC38500289665 /* SpiroAnalyzeViewController.m */; };
		B636122B1B1CC38500289665 /* Main.storyboard in Resources */ = {isa = PBXBuildFile; fileRef = B63612291B1CC38500289665 /* Main.storyboard */; };
		B636122D1B1CC38500289665 /* Images.xcassets in Resources */ = {isa = PBXBuildFile; fileRef = B636122C1B1CC38500289665 /* Images.xcassets */; };
		B63612301B1CC38500289665 /* LaunchScreen.xib in Resources */ = {isa = PBXBuildFile; fileRef = B636122E1B1CC38500289665 /* LaunchScreen.xib */; };
		B636123C1B1CC38500289665 /* OpenSpirometryTests.m in Sources */ = {isa = PBXBuildFile; fileRef = B636123B1B1CC38500289665 /* OpenSpirometryTests.m */; };
		B636124A1B1CC48900289665 /* Novocaine.m in Sources */ = {isa = PBXBuildFile; fileRef = B63612491B1CC48900289665 /* Novocaine.m */; };
		B63612521B1CC70E00289665 /* FFTHelper.m in Sources */ = {isa = PBXBuildFile; fileRef = B63612511B1CC70E00289665 /* FFTHelper.m */; };
		B63612551B1CEB3C00289665 /* SpirometerEffortAnalyzer.m in Sources */ = {isa = PBXBuildFile; fileRef = B63612541B1CEB3C00289665 /* SpirometerEffortAnalyzer.m */; };
		B636125B1B1DFFB000289665 /* BufferedOverlapQueue.m in Sources */ = {isa = PBXBuildFile; fileRef = B636125A1B1DFFB000289665 /* BufferedOverlapQueue.m */; };
		B636125E1B1E26F500289665 /* DataBufferBlock.m in Sources */ = {isa = PBXBuildFile; fileRef = B636125D1B1E26F500289665 /* DataBufferBlock.m */; };
		B63612611B1F556800289665 /* PeakFinder.m in Sources */ = {isa = PBXBuildFile; fileRef = B63612601B1F556800289665 /* PeakFinder.m */; };
		B644C62A1B619C29002D3484 /* VortexWhistleRed.m4a in Resources */ = {isa = PBXBuildFile; fileRef = B644C6291B619C29002D3484 /* VortexWhistleRed.m4a */; };
		B6A761641B20C97A00EB4121 /* SpirometryWhistle.m in Sources */ = {isa = PBXBuildFile; fileRef = B6A761631B20C97A00EB4121 /* SpirometryWhistle.m */; };
		B6A761671B21107C00EB4121 /* FlowVolumeDataAnalyzer.m in Sources */ = {isa = PBXBuildFile; fileRef = B6A761661B21107C00EB4121 /* FlowVolumeDataAnalyzer.m */; };
/* End PBXBuildFile section */

/* Begin PBXContainerItemProxy section */
		B63612361B1CC38500289665 /* PBXContainerItemProxy */ = {
			isa = PBXContainerItemProxy;
			containerPortal = B63612141B1CC38500289665 /* Project object */;
			proxyType = 1;
			remoteGlobalIDString = B636121B1B1CC38500289665;
			remoteInfo = OpenSpirometry;
		};
/* End PBXContainerItemProxy section */

/* Begin PBXFileReference section */
		B636121C1B1CC38500289665 /* OpenSpirometry.app */ = {isa = PBXFileReference; explicitFileType = wrapper.application; includeInIndex = 0; path = OpenSpirometry.app; sourceTree = BUILT_PRODUCTS_DIR; };
		B63612201B1CC38500289665 /* Info.plist */ = {isa = PBXFileReference; lastKnownFileType = text.plist.xml; path = Info.plist; sourceTree = "<group>"; };
		B63612211B1CC38500289665 /* main.m */ = {isa = PBXFileReference; lastKnownFileType = sourcecode.c.objc; path = main.m; sourceTree = "<group>"; };
		B63612231B1CC38500289665 /* AppDelegate.h */ = {isa = PBXFileReference; lastKnownFileType = sourcecode.c.h; path = AppDelegate.h; sourceTree = "<group>"; };
		B63612241B1CC38500289665 /* AppDelegate.m */ = {isa = PBXFileReference; lastKnownFileType = sourcecode.c.objc; path = AppDelegate.m; sourceTree = "<group>"; };
		B63612261B1CC38500289665 /* SpiroAnalyzeViewController.h */ = {isa = PBXFileReference; lastKnownFileType = sourcecode.c.h; path = SpiroAnalyzeViewController.h; sourceTree = "<group>"; };
		B63612271B1CC38500289665 /* SpiroAnalyzeViewController.m */ = {isa = PBXFileReference; lastKnownFileType = sourcecode.c.objc; path = SpiroAnalyzeViewController.m; sourceTree = "<group>"; };
		B636122A1B1CC38500289665 /* Base */ = {isa = PBXFileReference; lastKnownFileType = file.storyboard; name = Base; path = Base.lproj/Main.storyboard; sourceTree = "<group>"; };
		B636122C1B1CC38500289665 /* Images.xcassets */ = {isa = PBXFileReference; lastKnownFileType = folder.assetcatalog; path = Images.xcassets; sourceTree = "<group>"; };
		B636122F1B1CC38500289665 /* Base */ = {isa = PBXFileReference; lastKnownFileType = file.xib; name = Base; path = Base.lproj/LaunchScreen.xib; sourceTree = "<group>"; };
		B63612351B1CC38500289665 /* OpenSpirometryTests.xctest */ = {isa = PBXFileReference; explicitFileType = wrapper.cfbundle; includeInIndex = 0; path = OpenSpirometryTests.xctest; sourceTree = BUILT_PRODUCTS_DIR; };
		B636123A1B1CC38500289665 /* Info.plist */ = {isa = PBXFileReference; lastKnownFileType = text.plist.xml; path = Info.plist; sourceTree = "<group>"; };
		B636123B1B1CC38500289665 /* OpenSpirometryTests.m */ = {isa = PBXFileReference; lastKnownFileType = sourcecode.c.objc; path = OpenSpirometryTests.m; sourceTree = "<group>"; };
		B63612481B1CC48900289665 /* Novocaine.h */ = {isa = PBXFileReference; fileEncoding = 4; lastKnownFileType = sourcecode.c.h; path = Novocaine.h; sourceTree = "<group>"; };
		B63612491B1CC48900289665 /* Novocaine.m */ = {isa = PBXFileReference; fileEncoding = 4; lastKnownFileType = sourcecode.c.objc; path = Novocaine.m; sourceTree = "<group>"; };
		B63612501B1CC70E00289665 /* FFTHelper.h */ = {isa = PBXFileReference; fileEncoding = 4; lastKnownFileType = sourcecode.c.h; path = FFTHelper.h; sourceTree = "<group>"; };
		B63612511B1CC70E00289665 /* FFTHelper.m */ = {isa = PBXFileReference; fileEncoding = 4; lastKnownFileType = sourcecode.c.objc; path = FFTHelper.m; sourceTree = "<group>"; };
		B63612531B1CEB3C00289665 /* SpirometerEffortAnalyzer.h */ = {isa = PBXFileReference; fileEncoding = 4; lastKnownFileType = sourcecode.c.h; path = SpirometerEffortAnalyzer.h; sourceTree = "<group>"; };
		B63612541B1CEB3C00289665 /* SpirometerEffortAnalyzer.m */ = {isa = PBXFileReference; fileEncoding = 4; lastKnownFileType = sourcecode.c.objc; path = SpirometerEffortAnalyzer.m; sourceTree = "<group>"; };
		B63612591B1DFFB000289665 /* BufferedOverlapQueue.h */ = {isa = PBXFileReference; fileEncoding = 4; lastKnownFileType = sourcecode.c.h; path = BufferedOverlapQueue.h; sourceTree = "<group>"; };
		B636125A1B1DFFB000289665 /* BufferedOverlapQueue.m */ = {isa = PBXFileReference; fileEncoding = 4; lastKnownFileType = sourcecode.c.objc; path = BufferedOverlapQueue.m; sourceTree = "<group>"; };
		B636125C1B1E26F500289665 /* DataBufferBlock.h */ = {isa = PBXFileReference; fileEncoding = 4; lastKnownFileType = sourcecode.c.h; path = DataBufferBlock.h; sourceTree = "<group>"; };
		B636125D1B1E26F500289665 /* DataBufferBlock.m */ = {isa = PBXFileReference; fileEncoding = 4; lastKnownFileType = sourcecode.c.objc; path = DataBufferBlock.m; sourceTree = "<group>"; };
		B636125F1B1F556800289665 /* PeakFinder.h */ = {isa = PBXFileReference; fileEncoding = 4; lastKnownFileType = sourcecode.c.h; path = PeakFinder.h; sourceTree = "<group>"; };
		B63612601B1F556800289665 /* PeakFinder.m */ = {isa = PBXFileReference; fileEncoding = 4; lastKnownFileType = sourcecode.c.objc; path = PeakFinder.m; sourceTree = "<group>"; };
		B644C6291B619C29002D3484 /* VortexWhistleRed.m4a */ = {isa = PBXFileReference; lastKnownFileType = file; path = VortexWhistleRed.m4a; sourceTree = "<group>"; };
		B6A7615B1B2009B700EB4121 /* SpirometerConstants.h */ = {isa = PBXFileReference; lastKnownFileType = sourcecode.c.h; path = SpirometerConstants.h; sourceTree = "<group>"; };
		B6A761621B20C97A00EB4121 /* SpirometryWhistle.h */ = {isa = PBXFileReference; fileEncoding = 4; lastKnownFileType = sourcecode.c.h; path = SpirometryWhistle.h; sourceTree = "<group>"; };
		B6A761631B20C97A00EB4121 /* SpirometryWhistle.m */ = {isa = PBXFileReference; fileEncoding = 4; lastKnownFileType = sourcecode.c.objc; path = SpirometryWhistle.m; sourceTree = "<group>"; };
		B6A761651B21107C00EB4121 /* FlowVolumeDataAnalyzer.h */ = {isa = PBXFileReference; fileEncoding = 4; lastKnownFileType = sourcecode.c.h; path = FlowVolumeDataAnalyzer.h; sourceTree = "<group>"; };
		B6A761661B21107C00EB4121 /* FlowVolumeDataAnalyzer.m */ = {isa = PBXFileReference; fileEncoding = 4; lastKnownFileType = sourcecode.c.objc; path = FlowVolumeDataAnalyzer.m; sourceTree = "<group>"; };
/* End PBXFileReference section */

/* Begin PBXFrameworksBuildPhase section */
		B63612191B1CC38500289665 /* Frameworks */ = {
			isa = PBXFrameworksBuildPhase;
			buildActionMask = 2147483647;
			files = (
			);
			runOnlyForDeploymentPostprocessing = 0;
		};
		B63612321B1CC38500289665 /* Frameworks */ = {
			isa = PBXFrameworksBuildPhase;
			buildActionMask = 2147483647;
			files = (
			);
			runOnlyForDeploymentPostprocessing = 0;
		};
/* End PBXFrameworksBuildPhase section */

/* Begin PBXGroup section */
		B63612131B1CC38500289665 = {
			isa = PBXGroup;
			children = (
				B636121E1B1CC38500289665 /* OpenSpirometry */,
				B63612381B1CC38500289665 /* OpenSpirometryTests */,
				B636121D1B1CC38500289665 /* Products */,
			);
			sourceTree = "<group>";
		};
		B636121D1B1CC38500289665 /* Products */ = {
			isa = PBXGroup;
			children = (
				B636121C1B1CC38500289665 /* OpenSpirometry.app */,
				B63612351B1CC38500289665 /* OpenSpirometryTests.xctest */,
			);
			name = Products;
			sourceTree = "<group>";
		};
		B636121E1B1CC38500289665 /* OpenSpirometry */ = {
			isa = PBXGroup;
			children = (
				B636124B1B1CC4C800289665 /* SpiroAnalysisModel */,
				B63612261B1CC38500289665 /* SpiroAnalyzeViewController.h */,
				B63612271B1CC38500289665 /* SpiroAnalyzeViewController.m */,
				B63612291B1CC38500289665 /* Main.storyboard */,
				B636121F1B1CC38500289665 /* Supporting Files */,
			);
			path = OpenSpirometry;
			sourceTree = "<group>";
		};
		B636121F1B1CC38500289665 /* Supporting Files */ = {
			isa = PBXGroup;
			children = (
				B644C6291B619C29002D3484 /* VortexWhistleRed.m4a */,
				B636122E1B1CC38500289665 /* LaunchScreen.xib */,
				B636122C1B1CC38500289665 /* Images.xcassets */,
				B63612231B1CC38500289665 /* AppDelegate.h */,
				B63612241B1CC38500289665 /* AppDelegate.m */,
				B63612201B1CC38500289665 /* Info.plist */,
				B63612211B1CC38500289665 /* main.m */,
			);
			name = "Supporting Files";
			sourceTree = "<group>";
		};
		B63612381B1CC38500289665 /* OpenSpirometryTests */ = {
			isa = PBXGroup;
			children = (
				B636123B1B1CC38500289665 /* OpenSpirometryTests.m */,
				B63612391B1CC38500289665 /* Supporting Files */,
			);
			path = OpenSpirometryTests;
			sourceTree = "<group>";
		};
		B63612391B1CC38500289665 /* Supporting Files */ = {
			isa = PBXGroup;
			children = (
				B636123A1B1CC38500289665 /* Info.plist */,
			);
			name = "Supporting Files";
			sourceTree = "<group>";
		};
		B636124B1B1CC4C800289665 /* SpiroAnalysisModel */ = {
			isa = PBXGroup;
			children = (
				B63612621B1FF93D00289665 /* Dependencies */,
				B63612531B1CEB3C00289665 /* SpirometerEffortAnalyzer.h */,
				B63612541B1CEB3C00289665 /* SpirometerEffortAnalyzer.m */,
			);
			name = SpiroAnalysisModel;
			sourceTree = "<group>";
		};
		B63612621B1FF93D00289665 /* Dependencies */ = {
			isa = PBXGroup;
			children = (
				B6A761681B21F47100EB4121 /* Custom DSP Utils */,
				B6A761651B21107C00EB4121 /* FlowVolumeDataAnalyzer.h */,
				B6A761661B21107C00EB4121 /* FlowVolumeDataAnalyzer.m */,
				B6A761621B20C97A00EB4121 /* SpirometryWhistle.h */,
				B6A761631B20C97A00EB4121 /* SpirometryWhistle.m */,
				B6A7615B1B2009B700EB4121 /* SpirometerConstants.h */,
			);
			name = Dependencies;
			sourceTree = "<group>";
		};
		B6A761681B21F47100EB4121 /* Custom DSP Utils */ = {
			isa = PBXGroup;
			children = (
				B63612481B1CC48900289665 /* Novocaine.h */,
				B63612491B1CC48900289665 /* Novocaine.m */,
				B63612501B1CC70E00289665 /* FFTHelper.h */,
				B63612511B1CC70E00289665 /* FFTHelper.m */,
				B636125F1B1F556800289665 /* PeakFinder.h */,
				B63612601B1F556800289665 /* PeakFinder.m */,
				B63612591B1DFFB000289665 /* BufferedOverlapQueue.h */,
				B636125A1B1DFFB000289665 /* BufferedOverlapQueue.m */,
				B636125C1B1E26F500289665 /* DataBufferBlock.h */,
				B636125D1B1E26F500289665 /* DataBufferBlock.m */,
			);
			name = "Custom DSP Utils";
			sourceTree = "<group>";
		};
/* End PBXGroup section */

/* Begin PBXNativeTarget section */
		B636121B1B1CC38500289665 /* OpenSpirometry */ = {
			isa = PBXNativeTarget;
			buildConfigurationList = B636123F1B1CC38500289665 /* Build configuration list for PBXNativeTarget "OpenSpirometry" */;
			buildPhases = (
				B63612181B1CC38500289665 /* Sources */,
				B63612191B1CC38500289665 /* Frameworks */,
				B636121A1B1CC38500289665 /* Resources */,
			);
			buildRules = (
			);
			dependencies = (
			);
			name = OpenSpirometry;
			productName = OpenSpirometry;
			productReference = B636121C1B1CC38500289665 /* OpenSpirometry.app */;
			productType = "com.apple.product-type.application";
		};
		B63612341B1CC38500289665 /* OpenSpirometryTests */ = {
			isa = PBXNativeTarget;
			buildConfigurationList = B63612421B1CC38500289665 /* Build configuration list for PBXNativeTarget "OpenSpirometryTests" */;
			buildPhases = (
				B63612311B1CC38500289665 /* Sources */,
				B63612321B1CC38500289665 /* Frameworks */,
				B63612331B1CC38500289665 /* Resources */,
			);
			buildRules = (
			);
			dependencies = (
				B63612371B1CC38500289665 /* PBXTargetDependency */,
			);
			name = OpenSpirometryTests;
			productName = OpenSpirometryTests;
			productReference = B63612351B1CC38500289665 /* OpenSpirometryTests.xctest */;
			productType = "com.apple.product-type.bundle.unit-test";
		};
/* End PBXNativeTarget section */

/* Begin PBXProject section */
		B63612141B1CC38500289665 /* Project object */ = {
			isa = PBXProject;
			attributes = {
				LastUpgradeCheck = 0630;
				ORGANIZATIONNAME = "Eric Larson";
				TargetAttributes = {
					B636121B1B1CC38500289665 = {
						CreatedOnToolsVersion = 6.3.2;
					};
					B63612341B1CC38500289665 = {
						CreatedOnToolsVersion = 6.3.2;
						TestTargetID = B636121B1B1CC38500289665;
					};
				};
			};
			buildConfigurationList = B63612171B1CC38500289665 /* Build configuration list for PBXProject "OpenSpirometry" */;
			compatibilityVersion = "Xcode 3.2";
			developmentRegion = English;
			hasScannedForEncodings = 0;
			knownRegions = (
				en,
				Base,
			);
			mainGroup = B63612131B1CC38500289665;
			productRefGroup = B636121D1B1CC38500289665 /* Products */;
			projectDirPath = "";
			projectRoot = "";
			targets = (
				B636121B1B1CC38500289665 /* OpenSpirometry */,
				B63612341B1CC38500289665 /* OpenSpirometryTests */,
			);
		};
/* End PBXProject section */

/* Begin PBXResourcesBuildPhase section */
		B636121A1B1CC38500289665 /* Resources */ = {
			isa = PBXResourcesBuildPhase;
			buildActionMask = 2147483647;
			files = (
				B636122B1B1CC38500289665 /* Main.storyboard in Resources */,
				B644C62A1B619C29002D3484 /* VortexWhistleRed.m4a in Resources */,
				B63612301B1CC38500289665 /* LaunchScreen.xib in Resources */,
				B636122D1B1CC38500289665 /* Images.xcassets in Resources */,
			);
			runOnlyForDeploymentPostprocessing = 0;
		};
		B63612331B1CC38500289665 /* Resources */ = {
			isa = PBXResourcesBuildPhase;
			buildActionMask = 2147483647;
			files = (
			);
			runOnlyForDeploymentPostprocessing = 0;
		};
/* End PBXResourcesBuildPhase section */

/* Begin PBXSourcesBuildPhase section */
		B63612181B1CC38500289665 /* Sources */ = {
			isa = PBXSourcesBuildPhase;
			buildActionMask = 2147483647;
			files = (
				B636125E1B1E26F500289665 /* DataBufferBlock.m in Sources */,
				B636124A1B1CC48900289665 /* Novocaine.m in Sources */,
				B63612611B1F556800289665 /* PeakFinder.m in Sources */,
				B636125B1B1DFFB000289665 /* BufferedOverlapQueue.m in Sources */,
				B63612551B1CEB3C00289665 /* SpirometerEffortAnalyzer.m in Sources */,
				B63612521B1CC70E00289665 /* FFTHelper.m in Sources */,
				B63612281B1CC38500289665 /* SpiroAnalyzeViewController.m in Sources */,
				B63612251B1CC38500289665 /* AppDelegate.m in Sources */,
				B6A761641B20C97A00EB4121 /* SpirometryWhistle.m in Sources */,
				B6A761671B21107C00EB4121 /* FlowVolumeDataAnalyzer.m in Sources */,
				B63612221B1CC38500289665 /* main.m in Sources */,
			);
			runOnlyForDeploymentPostprocessing = 0;
		};
		B63612311B1CC38500289665 /* Sources */ = {
			isa = PBXSourcesBuildPhase;
			buildActionMask = 2147483647;
			files = (
				B636123C1B1CC38500289665 /* OpenSpirometryTests.m in Sources */,
			);
			runOnlyForDeploymentPostprocessing = 0;
		};
/* End PBXSourcesBuildPhase section */

/* Begin PBXTargetDependency section */
		B63612371B1CC38500289665 /* PBXTargetDependency */ = {
			isa = PBXTargetDependency;
			target = B636121B1B1CC38500289665 /* OpenSpirometry */;
			targetProxy = B63612361B1CC38500289665 /* PBXContainerItemProxy */;
		};
/* End PBXTargetDependency section */

/* Begin PBXVariantGroup section */
		B63612291B1CC38500289665 /* Main.storyboard */ = {
			isa = PBXVariantGroup;
			children = (
				B636122A1B1CC38500289665 /* Base */,
			);
			name = Main.storyboard;
			sourceTree = "<group>";
		};
		B636122E1B1CC38500289665 /* LaunchScreen.xib */ = {
			isa = PBXVariantGroup;
			children = (
				B636122F1B1CC38500289665 /* Base */,
			);
			name = LaunchScreen.xib;
			sourceTree = "<group>";
		};
/* End PBXVariantGroup section */

/* Begin XCBuildConfiguration section */
		B636123D1B1CC38500289665 /* Debug */ = {
			isa = XCBuildConfiguration;
			buildSettings = {
				ALWAYS_SEARCH_USER_PATHS = NO;
				CLANG_CXX_LANGUAGE_STANDARD = "gnu++0x";
				CLANG_CXX_LIBRARY = "libc++";
				CLANG_ENABLE_MODULES = YES;
				CLANG_ENABLE_OBJC_ARC = YES;
				CLANG_WARN_BOOL_CONVERSION = YES;
				CLANG_WARN_CONSTANT_CONVERSION = YES;
				CLANG_WARN_DIRECT_OBJC_ISA_USAGE = YES_ERROR;
				CLANG_WARN_EMPTY_BODY = YES;
				CLANG_WARN_ENUM_CONVERSION = YES;
				CLANG_WARN_INT_CONVERSION = YES;
				CLANG_WARN_OBJC_ROOT_CLASS = YES_ERROR;
				CLANG_WARN_UNREACHABLE_CODE = YES;
				CLANG_WARN__DUPLICATE_METHOD_MATCH = YES;
				"CODE_SIGN_IDENTITY[sdk=iphoneos*]" = "iPhone Developer";
				COPY_PHASE_STRIP = NO;
				DEBUG_INFORMATION_FORMAT = "dwarf-with-dsym";
				ENABLE_STRICT_OBJC_MSGSEND = YES;
				GCC_C_LANGUAGE_STANDARD = gnu99;
				GCC_DYNAMIC_NO_PIC = NO;
				GCC_NO_COMMON_BLOCKS = YES;
				GCC_OPTIMIZATION_LEVEL = 0;
				GCC_PREPROCESSOR_DEFINITIONS = (
					"DEBUG=1",
					"$(inherited)",
				);
				GCC_SYMBOLS_PRIVATE_EXTERN = NO;
				GCC_WARN_64_TO_32_BIT_CONVERSION = YES;
				GCC_WARN_ABOUT_RETURN_TYPE = YES_ERROR;
				GCC_WARN_UNDECLARED_SELECTOR = YES;
				GCC_WARN_UNINITIALIZED_AUTOS = YES_AGGRESSIVE;
				GCC_WARN_UNUSED_FUNCTION = YES;
				GCC_WARN_UNUSED_VARIABLE = YES;
				IPHONEOS_DEPLOYMENT_TARGET = 8.3;
				MTL_ENABLE_DEBUG_INFO = YES;
				ONLY_ACTIVE_ARCH = YES;
				SDKROOT = iphoneos;
			};
			name = Debug;
		};
		B636123E1B1CC38500289665 /* Release */ = {
			isa = XCBuildConfiguration;
			buildSettings = {
				ALWAYS_SEARCH_USER_PATHS = NO;
				CLANG_CXX_LANGUAGE_STANDARD = "gnu++0x";
				CLANG_CXX_LIBRARY = "libc++";
				CLANG_ENABLE_MODULES = YES;
				CLANG_ENABLE_OBJC_ARC = YES;
				CLANG_WARN_BOOL_CONVERSION = YES;
				CLANG_WARN_CONSTANT_CONVERSION = YES;
				CLANG_WARN_DIRECT_OBJC_ISA_USAGE = YES_ERROR;
				CLANG_WARN_EMPTY_BODY = YES;
				CLANG_WARN_ENUM_CONVERSION = YES;
				CLANG_WARN_INT_CONVERSION = YES;
				CLANG_WARN_OBJC_ROOT_CLASS = YES_ERROR;
				CLANG_WARN_UNREACHABLE_CODE = YES;
				CLANG_WARN__DUPLICATE_METHOD_MATCH = YES;
				"CODE_SIGN_IDENTITY[sdk=iphoneos*]" = "iPhone Developer";
				COPY_PHASE_STRIP = NO;
				DEBUG_INFORMATION_FORMAT = "dwarf-with-dsym";
				ENABLE_NS_ASSERTIONS = NO;
				ENABLE_STRICT_OBJC_MSGSEND = YES;
				GCC_C_LANGUAGE_STANDARD = gnu99;
				GCC_NO_COMMON_BLOCKS = YES;
				GCC_WARN_64_TO_32_BIT_CONVERSION = YES;
				GCC_WARN_ABOUT_RETURN_TYPE = YES_ERROR;
				GCC_WARN_UNDECLARED_SELECTOR = YES;
				GCC_WARN_UNINITIALIZED_AUTOS = YES_AGGRESSIVE;
				GCC_WARN_UNUSED_FUNCTION = YES;
				GCC_WARN_UNUSED_VARIABLE = YES;
				IPHONEOS_DEPLOYMENT_TARGET = 8.3;
				MTL_ENABLE_DEBUG_INFO = NO;
				SDKROOT = iphoneos;
				VALIDATE_PRODUCT = YES;
			};
			name = Release;
		};
		B63612401B1CC38500289665 /* Debug */ = {
			isa = XCBuildConfiguration;
			buildSettings = {
				ASSETCATALOG_COMPILER_APPICON_NAME = AppIcon;
				INFOPLIST_FILE = OpenSpirometry/Info.plist;
				LD_RUNPATH_SEARCH_PATHS = "$(inherited) @executable_path/Frameworks";
				PRODUCT_NAME = "$(TARGET_NAME)";
			};
			name = Debug;
		};
		B63612411B1CC38500289665 /* Release */ = {
			isa = XCBuildConfiguration;
			buildSettings = {
				ASSETCATALOG_COMPILER_APPICON_NAME = AppIcon;
				INFOPLIST_FILE = OpenSpirometry/Info.plist;
				LD_RUNPATH_SEARCH_PATHS = "$(inherited) @executable_path/Frameworks";
				PRODUCT_NAME = "$(TARGET_NAME)";
			};
			name = Release;
		};
		B63612431B1CC38500289665 /* Debug */ = {
			isa = XCBuildConfiguration;
			buildSettings = {
				BUNDLE_LOADER = "$(TEST_HOST)";
				FRAMEWORK_SEARCH_PATHS = (
					"$(SDKROOT)/Developer/Library/Frameworks",
					"$(inherited)",
				);
				GCC_PREPROCESSOR_DEFINITIONS = (
					"DEBUG=1",
					"$(inherited)",
				);
				INFOPLIST_FILE = OpenSpirometryTests/Info.plist;
				LD_RUNPATH_SEARCH_PATHS = "$(inherited) @executable_path/Frameworks @loader_path/Frameworks";
				PRODUCT_NAME = "$(TARGET_NAME)";
				TEST_HOST = "$(BUILT_PRODUCTS_DIR)/OpenSpirometry.app/OpenSpirometry";
			};
			name = Debug;
		};
		B63612441B1CC38500289665 /* Release */ = {
			isa = XCBuildConfiguration;
			buildSettings = {
				BUNDLE_LOADER = "$(TEST_HOST)";
				FRAMEWORK_SEARCH_PATHS = (
					"$(SDKROOT)/Developer/Library/Frameworks",
					"$(inherited)",
				);
				INFOPLIST_FILE = OpenSpirometryTests/Info.plist;
				LD_RUNPATH_SEARCH_PATHS = "$(inherited) @executable_path/Frameworks @loader_path/Frameworks";
				PRODUCT_NAME = "$(TARGET_NAME)";
				TEST_HOST = "$(BUILT_PRODUCTS_DIR)/OpenSpirometry.app/OpenSpirometry";
			};
			name = Release;
		};
/* End XCBuildConfiguration section */

/* Begin XCConfigurationList section */
		B63612171B1CC38500289665 /* Build configuration list for PBXProject "OpenSpirometry" */ = {
			isa = XCConfigurationList;
			buildConfigurations = (
				B636123D1B1CC38500289665 /* Debug */,
				B636123E1B1CC38500289665 /* Release */,
			);
			defaultConfigurationIsVisible = 0;
			defaultConfigurationName = Release;
		};
		B636123F1B1CC38500289665 /* Build configuration list for PBXNativeTarget "OpenSpirometry" */ = {
			isa = XCConfigurationList;
			buildConfigurations = (
				B63612401B1CC38500289665 /* Debug */,
				B63612411B1CC38500289665 /* Release */,
			);
			defaultConfigurationIsVisible = 0;
			defaultConfigurationName = Release;
		};
		B63612421B1CC38500289665 /* Build configuration list for PBXNativeTarget "OpenSpirometryTests" */ = {
			isa = XCConfigurationList;
			buildConfigurations = (
				B63612431B1CC38500289665 /* Debug */,
				B63612441B1CC38500289665 /* Release */,
			);
			defaultConfigurationIsVisible = 0;
			defaultConfigurationName = Release;
		};
/* End XCConfigurationList section */
	};
	rootObject = B63612141B1CC38500289665 /* Project object */;
}
